
Microsoft Visual Studio Solution File, Format Version 12.00
# Visual Studio Version 17
VisualStudioVersion = 17.2.32505.173
MinimumVisualStudioVersion = 10.0.40219.1
Project("{FAE04EC0-301F-11D3-BF4B-00C04F79EFBC}") = "custom-textbox-control", "custom-textbox-control.csproj", "{5F700F0C-4706-4F9E-918D-86D79E7A9B95}"
EndProject
Global
	GlobalSection(SolutionConfigurationPlatforms) = preSolution
		Debug|Any CPU = Debug|Any CPU
		Release|Any CPU = Release|Any CPU
	EndGlobalSection
	GlobalSection(ProjectConfigurationPlatforms) = postSolution
		{5F700F0C-4706-4F9E-918D-86D79E7A9B95}.Debug|Any CPU.ActiveCfg = Debug|Any CPU
		{5F700F0C-4706-4F9E-918D-86D79E7A9B95}.Debug|Any CPU.Build.0 = Debug|Any CPU
		{5F700F0C-4706-4F9E-918D-86D79E7A9B95}.Release|Any CPU.ActiveCfg = Release|Any CPU
		{5F700F0C-4706-4F9E-918D-86D79E7A9B95}.Release|Any CPU.Build.0 = Release|Any CPU
	EndGlobalSection
	GlobalSection(SolutionProperties) = preSolution
		HideSolutionNode = FALSE
	EndGlobalSection
	GlobalSection(ExtensibilityGlobals) = postSolution
		SolutionGuid = {B691BFC5-B50C-4500-9ED7-B86F58E1B05D}
	EndGlobalSection
EndGlobal
