
Microsoft Visual Studio Solution File, Format Version 12.00
# Visual Studio Version 17
VisualStudioVersion = 17.2.32505.173
MinimumVisualStudioVersion = 10.0.40219.1
Project("{FAE04EC0-301F-11D3-BF4B-00C04F79EFBC}") = "custom-user-control", "custom-user-control.csproj", "{DA4581D6-5B63-42EE-99FD-A0CEF776B100}"
EndProject
Global
	GlobalSection(SolutionConfigurationPlatforms) = preSolution
		Debug|Any CPU = Debug|Any CPU
		Release|Any CPU = Release|Any CPU
	EndGlobalSection
	GlobalSection(ProjectConfigurationPlatforms) = postSolution
		{DA4581D6-5B63-42EE-99FD-A0CEF776B100}.Debug|Any CPU.ActiveCfg = Debug|Any CPU
		{DA4581D6-5B63-42EE-99FD-A0CEF776B100}.Debug|Any CPU.Build.0 = Debug|Any CPU
		{DA4581D6-5B63-42EE-99FD-A0CEF776B100}.Release|Any CPU.ActiveCfg = Release|Any CPU
		{DA4581D6-5B63-42EE-99FD-A0CEF776B100}.Release|Any CPU.Build.0 = Release|Any CPU
	EndGlobalSection
	GlobalSection(SolutionProperties) = preSolution
		HideSolutionNode = FALSE
	EndGlobalSection
	GlobalSection(ExtensibilityGlobals) = postSolution
		SolutionGuid = {2F5BDB3A-0D3D-49E4-95FE-29B2BA11D56F}
	EndGlobalSection
EndGlobal
